
Microsoft Visual Studio Solution File, Format Version 12.00
# Visual Studio Version 17
VisualStudioVersion = 17.11.35312.102
MinimumVisualStudioVersion = 10.0.40219.1
Project("{9A19103F-16F7-4668-BE54-9A1E7A4F7556}") = "ComputerStoreClean.Domain", "ComputerStoreClean.Domain\ComputerStoreClean.Domain.csproj", "{043446C9-8422-43BB-8D59-F65150C1F49B}"
EndProject
Project("{9A19103F-16F7-4668-BE54-9A1E7A4F7556}") = "ComputerStoreClean.Application", "ComputerStoreClean.Application\ComputerStoreClean.Application.csproj", "{63EC2461-9AB6-472A-ACF1-CE843D7DE326}"
EndProject
Project("{9A19103F-16F7-4668-BE54-9A1E7A4F7556}") = "ComputerStoreClean.Infrastructure", "ComputerStoreClean.Infrastructure\ComputerStoreClean.Infrastructure.csproj", "{55390421-6D75-4C56-9CC7-BDC531ECCFDB}"
EndProject
Project("{9A19103F-16F7-4668-BE54-9A1E7A4F7556}") = "ComputerStoreClean.WebAPI", "ComputerStoreClean.WebAPI\ComputerStoreClean.WebAPI.csproj", "{02489B3A-7BAA-457F-B498-35D88FDC6AB6}"
EndProject
Project("{FAE04EC0-301F-11D3-BF4B-00C04F79EFBC}") = "ComputerStoreClean.React-Frontend", "ComputerStoreClean.React-Frontend\ComputerStoreClean.React-Frontend.csproj", "{58640D7D-2548-4232-B18F-4FACE84E18BF}"
EndProject
Global
	GlobalSection(SolutionConfigurationPlatforms) = preSolution
		Debug|Any CPU = Debug|Any CPU
		Release|Any CPU = Release|Any CPU
	EndGlobalSection
	GlobalSection(ProjectConfigurationPlatforms) = postSolution
		{043446C9-8422-43BB-8D59-F65150C1F49B}.Debug|Any CPU.ActiveCfg = Debug|Any CPU
		{043446C9-8422-43BB-8D59-F65150C1F49B}.Debug|Any CPU.Build.0 = Debug|Any CPU
		{043446C9-8422-43BB-8D59-F65150C1F49B}.Release|Any CPU.ActiveCfg = Release|Any CPU
		{043446C9-8422-43BB-8D59-F65150C1F49B}.Release|Any CPU.Build.0 = Release|Any CPU
		{63EC2461-9AB6-472A-ACF1-CE843D7DE326}.Debug|Any CPU.ActiveCfg = Debug|Any CPU
		{63EC2461-9AB6-472A-ACF1-CE843D7DE326}.Debug|Any CPU.Build.0 = Debug|Any CPU
		{63EC2461-9AB6-472A-ACF1-CE843D7DE326}.Release|Any CPU.ActiveCfg = Release|Any CPU
		{63EC2461-9AB6-472A-ACF1-CE843D7DE326}.Release|Any CPU.Build.0 = Release|Any CPU
		{55390421-6D75-4C56-9CC7-BDC531ECCFDB}.Debug|Any CPU.ActiveCfg = Debug|Any CPU
		{55390421-6D75-4C56-9CC7-BDC531ECCFDB}.Debug|Any CPU.Build.0 = Debug|Any CPU
		{55390421-6D75-4C56-9CC7-BDC531ECCFDB}.Release|Any CPU.ActiveCfg = Release|Any CPU
		{55390421-6D75-4C56-9CC7-BDC531ECCFDB}.Release|Any CPU.Build.0 = Release|Any CPU
		{02489B3A-7BAA-457F-B498-35D88FDC6AB6}.Debug|Any CPU.ActiveCfg = Debug|Any CPU
		{02489B3A-7BAA-457F-B498-35D88FDC6AB6}.Debug|Any CPU.Build.0 = Debug|Any CPU
		{02489B3A-7BAA-457F-B498-35D88FDC6AB6}.Release|Any CPU.ActiveCfg = Release|Any CPU
		{02489B3A-7BAA-457F-B498-35D88FDC6AB6}.Release|Any CPU.Build.0 = Release|Any CPU
		{58640D7D-2548-4232-B18F-4FACE84E18BF}.Debug|Any CPU.ActiveCfg = Debug|Any CPU
		{58640D7D-2548-4232-B18F-4FACE84E18BF}.Debug|Any CPU.Build.0 = Debug|Any CPU
		{58640D7D-2548-4232-B18F-4FACE84E18BF}.Release|Any CPU.ActiveCfg = Release|Any CPU
		{58640D7D-2548-4232-B18F-4FACE84E18BF}.Release|Any CPU.Build.0 = Release|Any CPU
	EndGlobalSection
	GlobalSection(SolutionProperties) = preSolution
		HideSolutionNode = FALSE
	EndGlobalSection
	GlobalSection(ExtensibilityGlobals) = postSolution
		SolutionGuid = {AEA9C2C3-D652-41F0-ADCF-F1E6516EF491}
	EndGlobalSection
EndGlobal
